PODS:
  - Firebase/AdMob (4.1.1):
    - Firebase/Core
    - Google-Mobile-Ads-SDK (= 7.23.0)
  - Firebase/Core (4.1.1):
    - FirebaseAnalytics (= 4.0.3)
    - FirebaseCore (= 4.0.6)
  - Firebase/Messaging (4.1.1):
    - Firebase/Core
    - FirebaseMessaging (= 2.0.2)
  - FirebaseAnalytics (4.0.3):
    - FirebaseCore (~> 4.0)
    - FirebaseInstanceID (~> 2.0)
    - GoogleToolboxForMac/NSData+zlib (~> 2.1)
    - nanopb (~> 0.3)
  - FirebaseCore (4.0.6):
    - GoogleToolboxForMac/NSData+zlib (~> 2.1)
    - nanopb (~> 0.3)
  - FirebaseInstanceID (2.0.2):
    - FirebaseCore (~> 4.0)
  - FirebaseMessaging (2.0.2):
    - FirebaseAnalytics (~> 4.0)
    - FirebaseCore (~> 4.0)
    - FirebaseInstanceID (~> 2.0)
    - GoogleToolboxForMac/Logger (~> 2.1)
    - Protobuf (~> 3.1)
  - Google-Mobile-Ads-SDK (7.23.0)
  - GoogleToolboxForMac/Defines (2.1.1)
  - GoogleToolboxForMac/Logger (2.1.1):
    - GoogleToolboxForMac/Defines (= 2.1.1)
  - GoogleToolboxForMac/NSData+zlib (2.1.1):
    - GoogleToolboxForMac/Defines (= 2.1.1)
  - MBProgressHUD (1.0.0)
  - nanopb (0.3.8):
    - nanopb/decode (= 0.3.8)
    - nanopb/encode (= 0.3.8)
  - nanopb/decode (0.3.8)
  - nanopb/encode (0.3.8)
  - OneSignal (2.5.4)
  - Protobuf (3.4.0)
  - SwiftyStoreKit (0.10.7)
  - SwiftyUserDefaults (3.0.0)
  - WKBridge (0.2.4)

DEPENDENCIES:
  - Firebase/AdMob
  - Firebase/Core
  - Firebase/Messaging
  - MBProgressHUD (~> 1.0.0)
  - OneSignal
  - SwiftyStoreKit
  - SwiftyUserDefaults
  - WKBridge

SPEC CHECKSUMS:
  Firebase: 052c0de688fc87b414996eea13e223dd9fee3fa2
  FirebaseAnalytics: 76f754d37ca5b04f36856729b6af3ca0152d1069
  FirebaseCore: 28def3c643989c97ea5a69ea5000f5fa9902b9fd
  FirebaseInstanceID: c4c7fca62c7b7330caee5da04f19a37ea37bb1c1
  FirebaseMessaging: 85af6c27188538b3a6f7dfd0b3b0596358cb0c39
  Google-Mobile-Ads-SDK: a43dc8efdb566c74d00ac6934c781de969348d80
  GoogleToolboxForMac: 8e329f1b599f2512c6b10676d45736bcc2cbbeb0
  MBProgressHUD: 4890f671c94e8a0f3cf959aa731e9de2f036d71a
  nanopb: 5601e6bca2dbf1ed831b519092ec110f66982ca3
  OneSignal: da994bcf6a2efbdceaf71e389e1d05245c562899
  Protobuf: 03eef2ee0b674770735cf79d9c4d3659cf6908e8
  SwiftyStoreKit: b13badd58fe138e258d04dec7bc1c9b092351af6
  SwiftyUserDefaults: 0f1d45fc3aafb9064dac661e367f8f83fe21a4b4
  WKBridge: 677fc36b9a9e4a80b6f9c4e915480d8fd91f5ad5

PODFILE CHECKSUM: 6cf10ecb7d96109d5aba2015ecbc92932bc641cd

COCOAPODS: 1.1.1
